// !$*UTF8*$!
{
	archiveVersion = 1;
	classes = {
	};
	objectVersion = 46;
	objects = {

/* Begin PBXBuildFile section */
		1F3659E01E633304001A98F2 /* AppDelegate.swift in Sources */ = {isa = PBXBuildFile; fileRef = 1F3659DF1E633304001A98F2 /* AppDelegate.swift */; };
		1F3659F21E633356001A98F2 /* WelcomeViewController.swift in Sources */ = {isa = PBXBuildFile; fileRef = 1F3659F11E633356001A98F2 /* WelcomeViewController.swift */; };
		1F3659F41E633361001A98F2 /* PageCell.swift in Sources */ = {isa = PBXBuildFile; fileRef = 1F3659F31E633361001A98F2 /* PageCell.swift */; };
		1F3659F61E633369001A98F2 /* Assets.xcassets in Resources */ = {isa = PBXBuildFile; fileRef = 1F3659F51E633369001A98F2 /* Assets.xcassets */; };
		1F61CA851E6351ED006AE06D /* Extensions.swift in Sources */ = {isa = PBXBuildFile; fileRef = 1F61CA841E6351ED006AE06D /* Extensions.swift */; };
		1F6C0A8B1E647E75005189C7 /* LoginCell.swift in Sources */ = {isa = PBXBuildFile; fileRef = 1F6C0A8A1E647E75005189C7 /* LoginCell.swift */; };
		1F6C0A8D1E64B37A005189C7 /* MainNavigationController.swift in Sources */ = {isa = PBXBuildFile; fileRef = 1F6C0A8C1E64B379005189C7 /* MainNavigationController.swift */; };
		1F6C0A8F1E64B6AB005189C7 /* LaunchScreen.storyboard in Resources */ = {isa = PBXBuildFile; fileRef = 1F6C0A8E1E64B6AB005189C7 /* LaunchScreen.storyboard */; };
		1F6C0A911E64C89A005189C7 /* HomeController.swift in Sources */ = {isa = PBXBuildFile; fileRef = 1F6C0A901E64C89A005189C7 /* HomeController.swift */; };
		1F6C0A931E64CAFD005189C7 /* UserDefaults+Helpers.swift in Sources */ = {isa = PBXBuildFile; fileRef = 1F6C0A921E64CAFD005189C7 /* UserDefaults+Helpers.swift */; };
		1F8EB4181E6338A70083A051 /* Page.swift in Sources */ = {isa = PBXBuildFile; fileRef = 1F8EB4171E6338A70083A051 /* Page.swift */; };
/* End PBXBuildFile section */

/* Begin PBXFileReference section */
		1F3659DC1E633304001A98F2 /* JTWalkthrough.app */ = {isa = PBXFileReference; explicitFileType = wrapper.application; includeInIndex = 0; path = JTWalkthrough.app; sourceTree = BUILT_PRODUCTS_DIR; };
		1F3659DF1E633304001A98F2 /* AppDelegate.swift */ = {isa = PBXFileReference; lastKnownFileType = sourcecode.swift; path = AppDelegate.swift; sourceTree = "<group>"; };
		1F3659EB1E633305001A98F2 /* Info.plist */ = {isa = PBXFileReference; lastKnownFileType = text.plist.xml; path = Info.plist; sourceTree = "<group>"; };
		1F3659F11E633356001A98F2 /* WelcomeViewController.swift */ = {isa = PBXFileReference; fileEncoding = 4; lastKnownFileType = sourcecode.swift; path = WelcomeViewController.swift; sourceTree = "<group>"; };
		1F3659F31E633361001A98F2 /* PageCell.swift */ = {isa = PBXFileReference; fileEncoding = 4; lastKnownFileType = sourcecode.swift; path = PageCell.swift; sourceTree = "<group>"; };
		1F3659F51E633369001A98F2 /* Assets.xcassets */ = {isa = PBXFileReference; lastKnownFileType = folder.assetcatalog; path = Assets.xcassets; sourceTree = "<group>"; };
		1F61CA841E6351ED006AE06D /* Extensions.swift */ = {isa = PBXFileReference; fileEncoding = 4; lastKnownFileType = sourcecode.swift; path = Extensions.swift; sourceTree = "<group>"; };
		1F6C0A8A1E647E75005189C7 /* LoginCell.swift */ = {isa = PBXFileReference; fileEncoding = 4; lastKnownFileType = sourcecode.swift; path = LoginCell.swift; sourceTree = "<group>"; };
		1F6C0A8C1E64B379005189C7 /* MainNavigationController.swift */ = {isa = PBXFileReference; fileEncoding = 4; lastKnownFileType = sourcecode.swift; path = MainNavigationController.swift; sourceTree = "<group>"; };
		1F6C0A8E1E64B6AB005189C7 /* LaunchScreen.storyboard */ = {isa = PBXFileReference; fileEncoding = 4; lastKnownFileType = file.storyboard; path = LaunchScreen.storyboard; sourceTree = "<group>"; };
		1F6C0A901E64C89A005189C7 /* HomeController.swift */ = {isa = PBXFileReference; fileEncoding = 4; lastKnownFileType = sourcecode.swift; path = HomeController.swift; sourceTree = "<group>"; };
		1F6C0A921E64CAFD005189C7 /* UserDefaults+Helpers.swift */ = {isa = PBXFileReference; fileEncoding = 4; lastKnownFileType = sourcecode.swift; path = "UserDefaults+Helpers.swift"; sourceTree = "<group>"; };
		1F8EB4171E6338A70083A051 /* Page.swift */ = {isa = PBXFileReference; fileEncoding = 4; lastKnownFileType = sourcecode.swift; path = Page.swift; sourceTree = "<group>"; };
/* End PBXFileReference section */

/* Begin PBXFrameworksBuildPhase section */
		1F3659D91E633304001A98F2 /* Frameworks */ = {
			isa = PBXFrameworksBuildPhase;
			buildActionMask = 2147483647;
			files = (
			);
			runOnlyForDeploymentPostprocessing = 0;
		};
/* End PBXFrameworksBuildPhase section */

/* Begin PBXGroup section */
		1F3659D31E633304001A98F2 = {
			isa = PBXGroup;
			children = (
				1F3659DE1E633304001A98F2 /* JTWalkthrough */,
				1F3659DD1E633304001A98F2 /* Products */,
			);
			sourceTree = "<group>";
		};
		1F3659DD1E633304001A98F2 /* Products */ = {
			isa = PBXGroup;
			children = (
				1F3659DC1E633304001A98F2 /* JTWalkthrough.app */,
			);
			name = Products;
			sourceTree = "<group>";
		};
		1F3659DE1E633304001A98F2 /* JTWalkthrough */ = {
			isa = PBXGroup;
			children = (
				1F3659DF1E633304001A98F2 /* AppDelegate.swift */,
				1F3659F51E633369001A98F2 /* Assets.xcassets */,
				1F3659EB1E633305001A98F2 /* Info.plist */,
				1F3659F11E633356001A98F2 /* WelcomeViewController.swift */,
				1F3659F31E633361001A98F2 /* PageCell.swift */,
				1F8EB4171E6338A70083A051 /* Page.swift */,
				1F61CA841E6351ED006AE06D /* Extensions.swift */,
				1F6C0A8A1E647E75005189C7 /* LoginCell.swift */,
				1F6C0A8C1E64B379005189C7 /* MainNavigationController.swift */,
				1F6C0A8E1E64B6AB005189C7 /* LaunchScreen.storyboard */,
				1F6C0A901E64C89A005189C7 /* HomeController.swift */,
				1F6C0A921E64CAFD005189C7 /* UserDefaults+Helpers.swift */,
			);
			path = JTWalkthrough;
			sourceTree = "<group>";
		};
/* End PBXGroup section */

/* Begin PBXNativeTarget section */
		1F3659DB1E633304001A98F2 /* JTWalkthrough */ = {
			isa = PBXNativeTarget;
			buildConfigurationList = 1F3659EE1E633305001A98F2 /* Build configuration list for PBXNativeTarget "JTWalkthrough" */;
			buildPhases = (
				1F3659D81E633304001A98F2 /* Sources */,
				1F3659D91E633304001A98F2 /* Frameworks */,
				1F3659DA1E633304001A98F2 /* Resources */,
			);
			buildRules = (
			);
			dependencies = (
			);
			name = JTWalkthrough;
			productName = JTWalkthrough;
			productReference = 1F3659DC1E633304001A98F2 /* JTWalkthrough.app */;
			productType = "com.apple.product-type.application";
		};
/* End PBXNativeTarget section */

/* Begin PBXProject section */
		1F3659D41E633304001A98F2 /* Project object */ = {
			isa = PBXProject;
			attributes = {
				LastSwiftUpdateCheck = 0820;
				LastUpgradeCheck = 0820;
				ORGANIZATIONNAME = "Jaksa Tomovic";
				TargetAttributes = {
					1F3659DB1E633304001A98F2 = {
						CreatedOnToolsVersion = 8.2.1;
						ProvisioningStyle = Automatic;
					};
				};
			};
			buildConfigurationList = 1F3659D71E633304001A98F2 /* Build configuration list for PBXProject "JTWalkthrough" */;
			compatibilityVersion = "Xcode 3.2";
			developmentRegion = English;
			hasScannedForEncodings = 0;
			knownRegions = (
				en,
				Base,
			);
			mainGroup = 1F3659D31E633304001A98F2;
			productRefGroup = 1F3659DD1E633304001A98F2 /* Products */;
			projectDirPath = "";
			projectRoot = "";
			targets = (
				1F3659DB1E633304001A98F2 /* JTWalkthrough */,
			);
		};
/* End PBXProject section */

/* Begin PBXResourcesBuildPhase section */
		1F3659DA1E633304001A98F2 /* Resources */ = {
			isa = PBXResourcesBuildPhase;
			buildActionMask = 2147483647;
			files = (
				1F3659F61E633369001A98F2 /* Assets.xcassets in Resources */,
				1F6C0A8F1E64B6AB005189C7 /* LaunchScreen.storyboard in Resources */,
			);
			runOnlyForDeploymentPostprocessing = 0;
		};
/* End PBXResourcesBuildPhase section */

/* Begin PBXSourcesBuildPhase section */
		1F3659D81E633304001A98F2 /* Sources */ = {
			isa = PBXSourcesBuildPhase;
			buildActionMask = 2147483647;
			files = (
				1F61CA851E6351ED006AE06D /* Extensions.swift in Sources */,
				1F3659E01E633304001A98F2 /* AppDelegate.swift in Sources */,
				1F3659F21E633356001A98F2 /* WelcomeViewController.swift in Sources */,
				1F8EB4181E6338A70083A051 /* Page.swift in Sources */,
				1F6C0A911E64C89A005189C7 /* HomeController.swift in Sources */,
				1F6C0A8D1E64B37A005189C7 /* MainNavigationController.swift in Sources */,
				1F6C0A931E64CAFD005189C7 /* UserDefaults+Helpers.swift in Sources */,
				1F3659F41E633361001A98F2 /* PageCell.swift in Sources */,
				1F6C0A8B1E647E75005189C7 /* LoginCell.swift in Sources */,
			);
			runOnlyForDeploymentPostprocessing = 0;
		};
/* End PBXSourcesBuildPhase section */

/* Begin XCBuildConfiguration section */
		1F3659EC1E633305001A98F2 /* Debug */ = {
			isa = XCBuildConfiguration;
			buildSettings = {
				ALWAYS_SEARCH_USER_PATHS = NO;
				CLANG_ANALYZER_NONNULL = YES;
				CLANG_CXX_LANGUAGE_STANDARD = "gnu++0x";
				CLANG_CXX_LIBRARY = "libc++";
				CLANG_ENABLE_MODULES = YES;
				CLANG_ENABLE_OBJC_ARC = YES;
				CLANG_WARN_BOOL_CONVERSION = YES;
				CLANG_WARN_CONSTANT_CONVERSION = YES;
				CLANG_WARN_DIRECT_OBJC_ISA_USAGE = YES_ERROR;
				CLANG_WARN_DOCUMENTATION_COMMENTS = YES;
				CLANG_WARN_EMPTY_BODY = YES;
				CLANG_WARN_ENUM_CONVERSION = YES;
				CLANG_WARN_INFINITE_RECURSION = YES;
				CLANG_WARN_INT_CONVERSION = YES;
				CLANG_WARN_OBJC_ROOT_CLASS = YES_ERROR;
				CLANG_WARN_SUSPICIOUS_MOVE = YES;
				CLANG_WARN_UNREACHABLE_CODE = YES;
				CLANG_WARN__DUPLICATE_METHOD_MATCH = YES;
				"CODE_SIGN_IDENTITY[sdk=iphoneos*]" = "iPhone Developer";
				COPY_PHASE_STRIP = NO;
				DEBUG_INFORMATION_FORMAT = dwarf;
				ENABLE_STRICT_OBJC_MSGSEND = YES;
				ENABLE_TESTABILITY = YES;
				GCC_C_LANGUAGE_STANDARD = gnu99;
				GCC_DYNAMIC_NO_PIC = NO;
				GCC_NO_COMMON_BLOCKS = YES;
				GCC_OPTIMIZATION_LEVEL = 0;
				GCC_PREPROCESSOR_DEFINITIONS = (
					"DEBUG=1",
					"$(inherited)",
				);
				GCC_WARN_64_TO_32_BIT_CONVERSION = YES;
				GCC_WARN_ABOUT_RETURN_TYPE = YES_ERROR;
				GCC_WARN_UNDECLARED_SELECTOR = YES;
				GCC_WARN_UNINITIALIZED_AUTOS = YES_AGGRESSIVE;
				GCC_WARN_UNUSED_FUNCTION = YES;
				GCC_WARN_UNUSED_VARIABLE = YES;
				IPHONEOS_DEPLOYMENT_TARGET = 10.2;
				MTL_ENABLE_DEBUG_INFO = YES;
				ONLY_ACTIVE_ARCH = YES;
				SDKROOT = iphoneos;
				SWIFT_ACTIVE_COMPILATION_CONDITIONS = DEBUG;
				SWIFT_OPTIMIZATION_LEVEL = "-Onone";
				TARGETED_DEVICE_FAMILY = "1,2";
			};
			name = Debug;
		};
		1F3659ED1E633305001A98F2 /* Release */ = {
			isa = XCBuildConfiguration;
			buildSettings = {
				ALWAYS_SEARCH_USER_PATHS = NO;
				CLANG_ANALYZER_NONNULL = YES;
				CLANG_CXX_LANGUAGE_STANDARD = "gnu++0x";
				CLANG_CXX_LIBRARY = "libc++";
				CLANG_ENABLE_MODULES = YES;
				CLANG_ENABLE_OBJC_ARC = YES;
				CLANG_WARN_BOOL_CONVERSION = YES;
				CLANG_WARN_CONSTANT_CONVERSION = YES;
				CLANG_WARN_DIRECT_OBJC_ISA_USAGE = YES_ERROR;
				CLANG_WARN_DOCUMENTATION_COMMENTS = YES;
				CLANG_WARN_EMPTY_BODY = YES;
				CLANG_WARN_ENUM_CONVERSION = YES;
				CLANG_WARN_INFINITE_RECURSION = YES;
				CLANG_WARN_INT_CONVERSION = YES;
				CLANG_WARN_OBJC_ROOT_CLASS = YES_ERROR;
				CLANG_WARN_SUSPICIOUS_MOVE = YES;
				CLANG_WARN_UNREACHABLE_CODE = YES;
				CLANG_WARN__DUPLICATE_METHOD_MATCH = YES;
				"CODE_SIGN_IDENTITY[sdk=iphoneos*]" = "iPhone Developer";
				COPY_PHASE_STRIP = NO;
				DEBUG_INFORMATION_FORMAT = "dwarf-with-dsym";
				ENABLE_NS_ASSERTIONS = NO;
				ENABLE_STRICT_OBJC_MSGSEND = YES;
				GCC_C_LANGUAGE_STANDARD = gnu99;
				GCC_NO_COMMON_BLOCKS = YES;
				GCC_WARN_64_TO_32_BIT_CONVERSION = YES;
				GCC_WARN_ABOUT_RETURN_TYPE = YES_ERROR;
				GCC_WARN_UNDECLARED_SELECTOR = YES;
				GCC_WARN_UNINITIALIZED_AUTOS = YES_AGGRESSIVE;
				GCC_WARN_UNUSED_FUNCTION = YES;
				GCC_WARN_UNUSED_VARIABLE = YES;
				IPHONEOS_DEPLOYMENT_TARGET = 10.2;
				MTL_ENABLE_DEBUG_INFO = NO;
				SDKROOT = iphoneos;
				SWIFT_OPTIMIZATION_LEVEL = "-Owholemodule";
				TARGETED_DEVICE_FAMILY = "1,2";
				VALIDATE_PRODUCT = YES;
			};
			name = Release;
		};
		1F3659EF1E633305001A98F2 /* Debug */ = {
			isa = XCBuildConfiguration;
			buildSettings = {
				ASSETCATALOG_COMPILER_APPICON_NAME = AppIcon;
				INFOPLIST_FILE = JTWalkthrough/Info.plist;
				IPHONEOS_DEPLOYMENT_TARGET = 9.1;
				LD_RUNPATH_SEARCH_PATHS = "$(inherited) @executable_path/Frameworks";
				PRODUCT_BUNDLE_IDENTIFIER = com.jaksatomovic.JTWalkthrough;
				PRODUCT_NAME = "$(TARGET_NAME)";
				SWIFT_VERSION = 3.0;
			};
			name = Debug;
		};
		1F3659F01E633305001A98F2 /* Release */ = {
			isa = XCBuildConfiguration;
			buildSettings = {
				ASSETCATALOG_COMPILER_APPICON_NAME = AppIcon;
				INFOPLIST_FILE = JTWalkthrough/Info.plist;
				IPHONEOS_DEPLOYMENT_TARGET = 9.1;
				LD_RUNPATH_SEARCH_PATHS = "$(inherited) @executable_path/Frameworks";
				PRODUCT_BUNDLE_IDENTIFIER = com.jaksatomovic.JTWalkthrough;
				PRODUCT_NAME = "$(TARGET_NAME)";
				SWIFT_VERSION = 3.0;
			};
			name = Release;
		};
/* End XCBuildConfiguration section */

/* Begin XCConfigurationList section */
		1F3659D71E633304001A98F2 /* Build configuration list for PBXProject "JTWalkthrough" */ = {
			isa = XCConfigurationList;
			buildConfigurations = (
				1F3659EC1E633305001A98F2 /* Debug */,
				1F3659ED1E633305001A98F2 /* Release */,
			);
			defaultConfigurationIsVisible = 0;
			defaultConfigurationName = Release;
		};
		1F3659EE1E633305001A98F2 /* Build configuration list for PBXNativeTarget "JTWalkthrough" */ = {
			isa = XCConfigurationList;
			buildConfigurations = (
				1F3659EF1E633305001A98F2 /* Debug */,
				1F3659F01E633305001A98F2 /* Release */,
			);
			defaultConfigurationIsVisible = 0;
			defaultConfigurationName = Release;
		};
/* End XCConfigurationList section */
	};
	rootObject = 1F3659D41E633304001A98F2 /* Project object */;
}
